PODS:
  - Analytics (3.6.7)
  - Expecta (1.0.6)
  - Mixpanel (3.2.3)
  - OCHamcrest (7.0.2)
  - OCMockito (5.0.1):
    - OCHamcrest (~> 7.0)
  - Segment-Mixpanel (1.2.0):
    - Analytics (~> 3.0)
    - Mixpanel (~> 3.0)
  - Specta (1.0.7)

DEPENDENCIES:
  - Expecta
  - OCMockito
  - Segment-Mixpanel (from `../`)
  - Specta

EXTERNAL SOURCES:
  Segment-Mixpanel:
    :path: ../

SPEC CHECKSUMS:
  Analytics: 2c09a50e3478a3a7ced08a22d00c43ba6f7011e6
  Expecta: 3b6bd90a64b9a1dcb0b70aa0e10a7f8f631667d5
  Mixpanel: 7bd8e176f088936bf6e283ade0d1f512f8e723bc
  OCHamcrest: 706bfbf69a3df55a873bad096014e80e2e8ca93c
  OCMockito: 063837a086c058e764fcd23e771089c1759e7197
  Segment-Mixpanel: a4c523dbaebecdcfed6a65ecd9c0ea8b430cd8d2
  Specta: 3e1bd89c3517421982dc4d1c992503e48bd5fe66

PODFILE CHECKSUM: ca1177528eb5eec5fdefc6da1eec5545b7e4baca

COCOAPODS: 1.3.1
